{
    "name": "node-global-key-listener",
    "version": "0.3.1",
    "lockfileVersion": 2,
    "requires": true,
    "packages": {
        "": {
            "name": "node-global-key-listener",
            "version": "0.3.1",
            "license": "MIT",
            "dependencies": {
                "sudo-prompt": "github:ElBonds/sudo-prompt"
            },
            "devDependencies": {
                "@types/node": "^14.14.37",
                "typescript": "^4.2.3"
            }
        },
        "node_modules/@types/node": {
            "version": "14.14.41",
            "resolved": "https://registry.npmjs.org/@types/node/-/node-14.14.41.tgz",
            "integrity": "sha512-dueRKfaJL4RTtSa7bWeTK1M+VH+Gns73oCgzvYfHZywRCoPSd8EkXBL0mZ9unPTveBn+D9phZBaxuzpwjWkW0g==",
            "dev": true
        },
        "node_modules/sudo-prompt": {
            "version": "9.2.2",
            "resolved": "git+ssh://git@github.com/ElBonds/sudo-prompt.git#fde7d7c5f54d4474be4766faa40fb702086a2bc7",
            "license": "MIT"
        },
        "node_modules/typescript": {
            "version": "4.2.4",
            "resolved": "https://registry.npmjs.org/typescript/-/typescript-4.2.4.tgz",
            "integrity": "sha512-V+evlYHZnQkaz8TRBuxTA92yZBPotr5H+WhQ7bD3hZUndx5tGOa1fuCgeSjxAzM1RiN5IzvadIXTVefuuwZCRg==",
            "dev": true,
            "bin": {
                "tsc": "bin/tsc",
                "tsserver": "bin/tsserver"
            },
            "engines": {
                "node": ">=4.2.0"
            }
        }
    },
    "dependencies": {
        "@types/node": {
            "version": "14.14.41",
            "resolved": "https://registry.npmjs.org/@types/node/-/node-14.14.41.tgz",
            "integrity": "sha512-dueRKfaJL4RTtSa7bWeTK1M+VH+Gns73oCgzvYfHZywRCoPSd8EkXBL0mZ9unPTveBn+D9phZBaxuzpwjWkW0g==",
            "dev": true
        },
        "sudo-prompt": {
            "version": "git+ssh://git@github.com/ElBonds/sudo-prompt.git#fde7d7c5f54d4474be4766faa40fb702086a2bc7",
            "from": "sudo-prompt@github:ElBonds/sudo-prompt"
        },
        "typescript": {
            "version": "4.2.4",
            "resolved": "https://registry.npmjs.org/typescript/-/typescript-4.2.4.tgz",
            "integrity": "sha512-V+evlYHZnQkaz8TRBuxTA92yZBPotr5H+WhQ7bD3hZUndx5tGOa1fuCgeSjxAzM1RiN5IzvadIXTVefuuwZCRg==",
            "dev": true
        }
    }
}
